
Microsoft Visual Studio Solution File, Format Version 12.00
# Visual Studio Version 16
VisualStudioVersion = 16.0.30225.117
MinimumVisualStudioVersion = 10.0.40219.1
Project("{8BC9CEB8-8B4A-11D0-8D11-00A0C91BC942}") = "Dynlib", "Dynlib.vcxproj", "{A03263D8-785F-4501-B695-E6DE67A03341}"
EndProject
Global
	GlobalSection(SolutionConfigurationPlatforms) = preSolution
		Debug|x64 = Debug|x64
		Debug|x86 = Debug|x86
		Release|x64 = Release|x64
		Release|x86 = Release|x86
	EndGlobalSection
	GlobalSection(ProjectConfigurationPlatforms) = postSolution
		{A03263D8-785F-4501-B695-E6DE67A03341}.Debug|x64.ActiveCfg = Debug|x64
		{A03263D8-785F-4501-B695-E6DE67A03341}.Debug|x64.Build.0 = Debug|x64
		{A03263D8-785F-4501-B695-E6DE67A03341}.Debug|x86.ActiveCfg = Debug|Win32
		{A03263D8-785F-4501-B695-E6DE67A03341}.Debug|x86.Build.0 = Debug|Win32
		{A03263D8-785F-4501-B695-E6DE67A03341}.Release|x64.ActiveCfg = Release|x64
		{A03263D8-785F-4501-B695-E6DE67A03341}.Release|x64.Build.0 = Release|x64
		{A03263D8-785F-4501-B695-E6DE67A03341}.Release|x86.ActiveCfg = Release|Win32
		{A03263D8-785F-4501-B695-E6DE67A03341}.Release|x86.Build.0 = Release|Win32
	EndGlobalSection
	GlobalSection(SolutionProperties) = preSolution
		HideSolutionNode = FALSE
	EndGlobalSection
	GlobalSection(ExtensibilityGlobals) = postSolution
		SolutionGuid = {250FBA8D-C2F7-4801-9C62-25333A2A267F}
	EndGlobalSection
EndGlobal
