
Microsoft Visual Studio Solution File, Format Version 12.00
# Visual Studio Version 16
VisualStudioVersion = 16.0.30225.117
MinimumVisualStudioVersion = 10.0.40219.1
Project("{8BC9CEB8-8B4A-11D0-8D11-00A0C91BC942}") = "virtual_destructor", "virtual_destructor\virtual_destructor.vcxproj", "{4A63AD03-CEF5-4B8A-98FF-FE7B1B093615}"
EndProject
Global
	GlobalSection(SolutionConfigurationPlatforms) = preSolution
		Debug|x64 = Debug|x64
		Debug|x86 = Debug|x86
		Release|x64 = Release|x64
		Release|x86 = Release|x86
	EndGlobalSection
	GlobalSection(ProjectConfigurationPlatforms) = postSolution
		{4A63AD03-CEF5-4B8A-98FF-FE7B1B093615}.Debug|x64.ActiveCfg = Debug|x64
		{4A63AD03-CEF5-4B8A-98FF-FE7B1B093615}.Debug|x64.Build.0 = Debug|x64
		{4A63AD03-CEF5-4B8A-98FF-FE7B1B093615}.Debug|x86.ActiveCfg = Debug|Win32
		{4A63AD03-CEF5-4B8A-98FF-FE7B1B093615}.Debug|x86.Build.0 = Debug|Win32
		{4A63AD03-CEF5-4B8A-98FF-FE7B1B093615}.Release|x64.ActiveCfg = Release|x64
		{4A63AD03-CEF5-4B8A-98FF-FE7B1B093615}.Release|x64.Build.0 = Release|x64
		{4A63AD03-CEF5-4B8A-98FF-FE7B1B093615}.Release|x86.ActiveCfg = Release|Win32
		{4A63AD03-CEF5-4B8A-98FF-FE7B1B093615}.Release|x86.Build.0 = Release|Win32
	EndGlobalSection
	GlobalSection(SolutionProperties) = preSolution
		HideSolutionNode = FALSE
	EndGlobalSection
	GlobalSection(ExtensibilityGlobals) = postSolution
		SolutionGuid = {699B24A2-3523-47F7-B69D-AD5EB2F2C2DC}
	EndGlobalSection
EndGlobal
