
Microsoft Visual Studio Solution File, Format Version 12.00
# Visual Studio Version 16
VisualStudioVersion = 16.0.30225.117
MinimumVisualStudioVersion = 10.0.40219.1
Project("{8BC9CEB8-8B4A-11D0-8D11-00A0C91BC942}") = "HelloWorld", "HelloWorld.vcxproj", "{5BE50D93-9968-4F9E-B6CF-E77466DC52AC}"
EndProject
Global
	GlobalSection(SolutionConfigurationPlatforms) = preSolution
		Debug|x64 = Debug|x64
		Debug|x86 = Debug|x86
		Release|x64 = Release|x64
		Release|x86 = Release|x86
	EndGlobalSection
	GlobalSection(ProjectConfigurationPlatforms) = postSolution
		{5BE50D93-9968-4F9E-B6CF-E77466DC52AC}.Debug|x64.ActiveCfg = Debug|x64
		{5BE50D93-9968-4F9E-B6CF-E77466DC52AC}.Debug|x64.Build.0 = Debug|x64
		{5BE50D93-9968-4F9E-B6CF-E77466DC52AC}.Debug|x86.ActiveCfg = Debug|Win32
		{5BE50D93-9968-4F9E-B6CF-E77466DC52AC}.Debug|x86.Build.0 = Debug|Win32
		{5BE50D93-9968-4F9E-B6CF-E77466DC52AC}.Release|x64.ActiveCfg = Release|x64
		{5BE50D93-9968-4F9E-B6CF-E77466DC52AC}.Release|x64.Build.0 = Release|x64
		{5BE50D93-9968-4F9E-B6CF-E77466DC52AC}.Release|x86.ActiveCfg = Release|Win32
		{5BE50D93-9968-4F9E-B6CF-E77466DC52AC}.Release|x86.Build.0 = Release|Win32
	EndGlobalSection
	GlobalSection(SolutionProperties) = preSolution
		HideSolutionNode = FALSE
	EndGlobalSection
	GlobalSection(ExtensibilityGlobals) = postSolution
		SolutionGuid = {C20FB30F-F386-4C0B-ABFC-FDAD798BC25C}
	EndGlobalSection
EndGlobal
